// !$*UTF8*$!
{
	archiveVersion = 1;
	classes = {
	};
	objectVersion = 46;
	objects = {

/* Begin PBXBuildFile section */
		75BC8EAE1C364AAF00CA84F9 /* SignUpViewController.swift in Sources */ = {isa = PBXBuildFile; fileRef = 75BC8EAD1C364AAE00CA84F9 /* SignUpViewController.swift */; };
		75CCDBE11C33E81200919B7C /* AppDelegate.swift in Sources */ = {isa = PBXBuildFile; fileRef = 75CCDBE01C33E81200919B7C /* AppDelegate.swift */; };
		75CCDBE31C33E81200919B7C /* ViewController.swift in Sources */ = {isa = PBXBuildFile; fileRef = 75CCDBE21C33E81200919B7C /* ViewController.swift */; };
		75CCDBE61C33E81200919B7C /* Main.storyboard in Resources */ = {isa = PBXBuildFile; fileRef = 75CCDBE41C33E81200919B7C /* Main.storyboard */; };
		75CCDBE81C33E81200919B7C /* Assets.xcassets in Resources */ = {isa = PBXBuildFile; fileRef = 75CCDBE71C33E81200919B7C /* Assets.xcassets */; };
		75CCDBEB1C33E81200919B7C /* LaunchScreen.storyboard in Resources */ = {isa = PBXBuildFile; fileRef = 75CCDBE91C33E81200919B7C /* LaunchScreen.storyboard */; };
		75CCDBF51C33E87300919B7C /* FBSDKCoreKit.framework in Frameworks */ = {isa = PBXBuildFile; fileRef = 75CCDBF21C33E87300919B7C /* FBSDKCoreKit.framework */; };
		75CCDBF61C33E87300919B7C /* FBSDKLoginKit.framework in Frameworks */ = {isa = PBXBuildFile; fileRef = 75CCDBF31C33E87300919B7C /* FBSDKLoginKit.framework */; };
		75CCDBF71C33E87300919B7C /* FBSDKShareKit.framework in Frameworks */ = {isa = PBXBuildFile; fileRef = 75CCDBF41C33E87300919B7C /* FBSDKShareKit.framework */; };
		75CCDBFC1C33EA4400919B7C /* AudioToolbox.framework in Frameworks */ = {isa = PBXBuildFile; fileRef = 75CCDBFB1C33EA4400919B7C /* AudioToolbox.framework */; };
		75CCDBFE1C33EA4D00919B7C /* CFNetwork.framework in Frameworks */ = {isa = PBXBuildFile; fileRef = 75CCDBFD1C33EA4D00919B7C /* CFNetwork.framework */; };
		75CCDC001C33EA5600919B7C /* CoreGraphics.framework in Frameworks */ = {isa = PBXBuildFile; fileRef = 75CCDBFF1C33EA5600919B7C /* CoreGraphics.framework */; };
		75CCDC021C33EA5F00919B7C /* CoreLocation.framework in Frameworks */ = {isa = PBXBuildFile; fileRef = 75CCDC011C33EA5F00919B7C /* CoreLocation.framework */; };
		75CCDC041C33EA6700919B7C /* QuartzCore.framework in Frameworks */ = {isa = PBXBuildFile; fileRef = 75CCDC031C33EA6700919B7C /* QuartzCore.framework */; };
		75CCDC061C33EA7000919B7C /* Security.framework in Frameworks */ = {isa = PBXBuildFile; fileRef = 75CCDC051C33EA7000919B7C /* Security.framework */; };
		75CCDC081C33EA7900919B7C /* StoreKit.framework in Frameworks */ = {isa = PBXBuildFile; fileRef = 75CCDC071C33EA7900919B7C /* StoreKit.framework */; };
		75CCDC0A1C33EA8400919B7C /* SystemConfiguration.framework in Frameworks */ = {isa = PBXBuildFile; fileRef = 75CCDC091C33EA8400919B7C /* SystemConfiguration.framework */; };
		75CCDC0C1C33EA9300919B7C /* libz.tbd in Frameworks */ = {isa = PBXBuildFile; fileRef = 75CCDC0B1C33EA9300919B7C /* libz.tbd */; };
		75CCDC0E1C33EAA100919B7C /* libsqlite3.tbd in Frameworks */ = {isa = PBXBuildFile; fileRef = 75CCDC0D1C33EAA100919B7C /* libsqlite3.tbd */; };
		75CCDC131C33EC1300919B7C /* Bolts.framework in Frameworks */ = {isa = PBXBuildFile; fileRef = 75CCDC101C33EC1300919B7C /* Bolts.framework */; };
		75CCDC141C33EC1300919B7C /* Parse.framework in Frameworks */ = {isa = PBXBuildFile; fileRef = 75CCDC111C33EC1300919B7C /* Parse.framework */; };
		75CCDC151C33EC1300919B7C /* ParseFacebookUtilsV4.framework in Frameworks */ = {isa = PBXBuildFile; fileRef = 75CCDC121C33EC1300919B7C /* ParseFacebookUtilsV4.framework */; };
/* End PBXBuildFile section */

/* Begin PBXFileReference section */
		75BC8EAD1C364AAE00CA84F9 /* SignUpViewController.swift */ = {isa = PBXFileReference; fileEncoding = 4; lastKnownFileType = sourcecode.swift; path = SignUpViewController.swift; sourceTree = "<group>"; };
		75CCDBDD1C33E81200919B7C /* Tinder.app */ = {isa = PBXFileReference; explicitFileType = wrapper.application; includeInIndex = 0; path = Tinder.app; sourceTree = BUILT_PRODUCTS_DIR; };
		75CCDBE01C33E81200919B7C /* AppDelegate.swift */ = {isa = PBXFileReference; lastKnownFileType = sourcecode.swift; path = AppDelegate.swift; sourceTree = "<group>"; };
		75CCDBE21C33E81200919B7C /* ViewController.swift */ = {isa = PBXFileReference; lastKnownFileType = sourcecode.swift; path = ViewController.swift; sourceTree = "<group>"; };
		75CCDBE51C33E81200919B7C /* Base */ = {isa = PBXFileReference; lastKnownFileType = file.storyboard; name = Base; path = Base.lproj/Main.storyboard; sourceTree = "<group>"; };
		75CCDBE71C33E81200919B7C /* Assets.xcassets */ = {isa = PBXFileReference; lastKnownFileType = folder.assetcatalog; path = Assets.xcassets; sourceTree = "<group>"; };
		75CCDBEA1C33E81200919B7C /* Base */ = {isa = PBXFileReference; lastKnownFileType = file.storyboard; name = Base; path = Base.lproj/LaunchScreen.storyboard; sourceTree = "<group>"; };
		75CCDBEC1C33E81200919B7C /* Info.plist */ = {isa = PBXFileReference; lastKnownFileType = text.plist.xml; path = Info.plist; sourceTree = "<group>"; };
		75CCDBF21C33E87300919B7C /* FBSDKCoreKit.framework */ = {isa = PBXFileReference; lastKnownFileType = wrapper.framework; name = FBSDKCoreKit.framework; path = ../../../../Documents/FacebookSDK/FBSDKCoreKit.framework; sourceTree = "<group>"; };
		75CCDBF31C33E87300919B7C /* FBSDKLoginKit.framework */ = {isa = PBXFileReference; lastKnownFileType = wrapper.framework; name = FBSDKLoginKit.framework; path = ../../../../Documents/FacebookSDK/FBSDKLoginKit.framework; sourceTree = "<group>"; };
		75CCDBF41C33E87300919B7C /* FBSDKShareKit.framework */ = {isa = PBXFileReference; lastKnownFileType = wrapper.framework; name = FBSDKShareKit.framework; path = ../../../../Documents/FacebookSDK/FBSDKShareKit.framework; sourceTree = "<group>"; };
		75CCDBF81C33E89A00919B7C /* Tinder-Bridging-Header.h */ = {isa = PBXFileReference; lastKnownFileType = sourcecode.c.h; path = "Tinder-Bridging-Header.h"; sourceTree = "<group>"; };
		75CCDBFB1C33EA4400919B7C /* AudioToolbox.framework */ = {isa = PBXFileReference; lastKnownFileType = wrapper.framework; name = AudioToolbox.framework; path = System/Library/Frameworks/AudioToolbox.framework; sourceTree = SDKROOT; };
		75CCDBFD1C33EA4D00919B7C /* CFNetwork.framework */ = {isa = PBXFileReference; lastKnownFileType = wrapper.framework; name = CFNetwork.framework; path = System/Library/Frameworks/CFNetwork.framework; sourceTree = SDKROOT; };
		75CCDBFF1C33EA5600919B7C /* CoreGraphics.framework */ = {isa = PBXFileReference; lastKnownFileType = wrapper.framework; name = CoreGraphics.framework; path = System/Library/Frameworks/CoreGraphics.framework; sourceTree = SDKROOT; };
		75CCDC011C33EA5F00919B7C /* CoreLocation.framework */ = {isa = PBXFileReference; lastKnownFileType = wrapper.framework; name = CoreLocation.framework; path = System/Library/Frameworks/CoreLocation.framework; sourceTree = SDKROOT; };
		75CCDC031C33EA6700919B7C /* QuartzCore.framework */ = {isa = PBXFileReference; lastKnownFileType = wrapper.framework; name = QuartzCore.framework; path = System/Library/Frameworks/QuartzCore.framework; sourceTree = SDKROOT; };
		75CCDC051C33EA7000919B7C /* Security.framework */ = {isa = PBXFileReference; lastKnownFileType = wrapper.framework; name = Security.framework; path = System/Library/Frameworks/Security.framework; sourceTree = SDKROOT; };
		75CCDC071C33EA7900919B7C /* StoreKit.framework */ = {isa = PBXFileReference; lastKnownFileType = wrapper.framework; name = StoreKit.framework; path = System/Library/Frameworks/StoreKit.framework; sourceTree = SDKROOT; };
		75CCDC091C33EA8400919B7C /* SystemConfiguration.framework */ = {isa = PBXFileReference; lastKnownFileType = wrapper.framework; name = SystemConfiguration.framework; path = System/Library/Frameworks/SystemConfiguration.framework; sourceTree = SDKROOT; };
		75CCDC0B1C33EA9300919B7C /* libz.tbd */ = {isa = PBXFileReference; lastKnownFileType = "sourcecode.text-based-dylib-definition"; name = libz.tbd; path = usr/lib/libz.tbd; sourceTree = SDKROOT; };
		75CCDC0D1C33EAA100919B7C /* libsqlite3.tbd */ = {isa = PBXFileReference; lastKnownFileType = "sourcecode.text-based-dylib-definition"; name = libsqlite3.tbd; path = usr/lib/libsqlite3.tbd; sourceTree = SDKROOT; };
		75CCDC101C33EC1300919B7C /* Bolts.framework */ = {isa = PBXFileReference; lastKnownFileType = wrapper.framework; path = Bolts.framework; sourceTree = "<group>"; };
		75CCDC111C33EC1300919B7C /* Parse.framework */ = {isa = PBXFileReference; lastKnownFileType = wrapper.framework; path = Parse.framework; sourceTree = "<group>"; };
		75CCDC121C33EC1300919B7C /* ParseFacebookUtilsV4.framework */ = {isa = PBXFileReference; lastKnownFileType = wrapper.framework; path = ParseFacebookUtilsV4.framework; sourceTree = "<group>"; };
/* End PBXFileReference section */

/* Begin PBXFrameworksBuildPhase section */
		75CCDBDA1C33E81200919B7C /* Frameworks */ = {
			isa = PBXFrameworksBuildPhase;
			buildActionMask = 2147483647;
			files = (
				75CCDC0E1C33EAA100919B7C /* libsqlite3.tbd in Frameworks */,
				75CCDC0C1C33EA9300919B7C /* libz.tbd in Frameworks */,
				75CCDC0A1C33EA8400919B7C /* SystemConfiguration.framework in Frameworks */,
				75CCDC081C33EA7900919B7C /* StoreKit.framework in Frameworks */,
				75CCDC141C33EC1300919B7C /* Parse.framework in Frameworks */,
				75CCDC061C33EA7000919B7C /* Security.framework in Frameworks */,
				75CCDC041C33EA6700919B7C /* QuartzCore.framework in Frameworks */,
				75CCDC021C33EA5F00919B7C /* CoreLocation.framework in Frameworks */,
				75CCDC001C33EA5600919B7C /* CoreGraphics.framework in Frameworks */,
				75CCDBFE1C33EA4D00919B7C /* CFNetwork.framework in Frameworks */,
				75CCDC151C33EC1300919B7C /* ParseFacebookUtilsV4.framework in Frameworks */,
				75CCDBFC1C33EA4400919B7C /* AudioToolbox.framework in Frameworks */,
				75CCDBF61C33E87300919B7C /* FBSDKLoginKit.framework in Frameworks */,
				75CCDBF51C33E87300919B7C /* FBSDKCoreKit.framework in Frameworks */,
				75CCDBF71C33E87300919B7C /* FBSDKShareKit.framework in Frameworks */,
				75CCDC131C33EC1300919B7C /* Bolts.framework in Frameworks */,
			);
			runOnlyForDeploymentPostprocessing = 0;
		};
/* End PBXFrameworksBuildPhase section */

/* Begin PBXGroup section */
		75CCDBD41C33E81200919B7C = {
			isa = PBXGroup;
			children = (
				75CCDBDF1C33E81200919B7C /* Tinder */,
				75CCDBDE1C33E81200919B7C /* Products */,
			);
			sourceTree = "<group>";
		};
		75CCDBDE1C33E81200919B7C /* Products */ = {
			isa = PBXGroup;
			children = (
				75CCDBDD1C33E81200919B7C /* Tinder.app */,
			);
			name = Products;
			sourceTree = "<group>";
		};
		75CCDBDF1C33E81200919B7C /* Tinder */ = {
			isa = PBXGroup;
			children = (
				75CCDBE01C33E81200919B7C /* AppDelegate.swift */,
				75CCDBE21C33E81200919B7C /* ViewController.swift */,
				75BC8EAD1C364AAE00CA84F9 /* SignUpViewController.swift */,
				75CCDBE41C33E81200919B7C /* Main.storyboard */,
				75CCDBE71C33E81200919B7C /* Assets.xcassets */,
				75CCDBE91C33E81200919B7C /* LaunchScreen.storyboard */,
				75CCDBEC1C33E81200919B7C /* Info.plist */,
				75CCDBF81C33E89A00919B7C /* Tinder-Bridging-Header.h */,
				75CCDC0F1C33EAB800919B7C /* Frameworks */,
			);
			path = Tinder;
			sourceTree = "<group>";
		};
		75CCDC0F1C33EAB800919B7C /* Frameworks */ = {
			isa = PBXGroup;
			children = (
				75CCDC0D1C33EAA100919B7C /* libsqlite3.tbd */,
				75CCDC0B1C33EA9300919B7C /* libz.tbd */,
				75CCDC101C33EC1300919B7C /* Bolts.framework */,
				75CCDC111C33EC1300919B7C /* Parse.framework */,
				75CCDC121C33EC1300919B7C /* ParseFacebookUtilsV4.framework */,
				75CCDC091C33EA8400919B7C /* SystemConfiguration.framework */,
				75CCDC071C33EA7900919B7C /* StoreKit.framework */,
				75CCDC051C33EA7000919B7C /* Security.framework */,
				75CCDC031C33EA6700919B7C /* QuartzCore.framework */,
				75CCDC011C33EA5F00919B7C /* CoreLocation.framework */,
				75CCDBFF1C33EA5600919B7C /* CoreGraphics.framework */,
				75CCDBFD1C33EA4D00919B7C /* CFNetwork.framework */,
				75CCDBFB1C33EA4400919B7C /* AudioToolbox.framework */,
				75CCDBF21C33E87300919B7C /* FBSDKCoreKit.framework */,
				75CCDBF31C33E87300919B7C /* FBSDKLoginKit.framework */,
				75CCDBF41C33E87300919B7C /* FBSDKShareKit.framework */,
			);
			name = Frameworks;
			sourceTree = "<group>";
		};
/* End PBXGroup section */

/* Begin PBXNativeTarget section */
		75CCDBDC1C33E81200919B7C /* Tinder */ = {
			isa = PBXNativeTarget;
			buildConfigurationList = 75CCDBEF1C33E81200919B7C /* Build configuration list for PBXNativeTarget "Tinder" */;
			buildPhases = (
				75CCDBD91C33E81200919B7C /* Sources */,
				75CCDBDA1C33E81200919B7C /* Frameworks */,
				75CCDBDB1C33E81200919B7C /* Resources */,
			);
			buildRules = (
			);
			dependencies = (
			);
			name = Tinder;
			productName = Tinder;
			productReference = 75CCDBDD1C33E81200919B7C /* Tinder.app */;
			productType = "com.apple.product-type.application";
		};
/* End PBXNativeTarget section */

/* Begin PBXProject section */
		75CCDBD51C33E81200919B7C /* Project object */ = {
			isa = PBXProject;
			attributes = {
				LastSwiftUpdateCheck = 0720;
				LastUpgradeCheck = 0720;
				ORGANIZATIONNAME = "Ivan Magda";
				TargetAttributes = {
					75CCDBDC1C33E81200919B7C = {
						CreatedOnToolsVersion = 7.2;
					};
				};
			};
			buildConfigurationList = 75CCDBD81C33E81200919B7C /* Build configuration list for PBXProject "Tinder" */;
			compatibilityVersion = "Xcode 3.2";
			developmentRegion = English;
			hasScannedForEncodings = 0;
			knownRegions = (
				en,
				Base,
			);
			mainGroup = 75CCDBD41C33E81200919B7C;
			productRefGroup = 75CCDBDE1C33E81200919B7C /* Products */;
			projectDirPath = "";
			projectRoot = "";
			targets = (
				75CCDBDC1C33E81200919B7C /* Tinder */,
			);
		};
/* End PBXProject section */

/* Begin PBXResourcesBuildPhase section */
		75CCDBDB1C33E81200919B7C /* Resources */ = {
			isa = PBXResourcesBuildPhase;
			buildActionMask = 2147483647;
			files = (
				75CCDBEB1C33E81200919B7C /* LaunchScreen.storyboard in Resources */,
				75CCDBE81C33E81200919B7C /* Assets.xcassets in Resources */,
				75CCDBE61C33E81200919B7C /* Main.storyboard in Resources */,
			);
			runOnlyForDeploymentPostprocessing = 0;
		};
/* End PBXResourcesBuildPhase section */

/* Begin PBXSourcesBuildPhase section */
		75CCDBD91C33E81200919B7C /* Sources */ = {
			isa = PBXSourcesBuildPhase;
			buildActionMask = 2147483647;
			files = (
				75BC8EAE1C364AAF00CA84F9 /* SignUpViewController.swift in Sources */,
				75CCDBE31C33E81200919B7C /* ViewController.swift in Sources */,
				75CCDBE11C33E81200919B7C /* AppDelegate.swift in Sources */,
			);
			runOnlyForDeploymentPostprocessing = 0;
		};
/* End PBXSourcesBuildPhase section */

/* Begin PBXVariantGroup section */
		75CCDBE41C33E81200919B7C /* Main.storyboard */ = {
			isa = PBXVariantGroup;
			children = (
				75CCDBE51C33E81200919B7C /* Base */,
			);
			name = Main.storyboard;
			sourceTree = "<group>";
		};
		75CCDBE91C33E81200919B7C /* LaunchScreen.storyboard */ = {
			isa = PBXVariantGroup;
			children = (
				75CCDBEA1C33E81200919B7C /* Base */,
			);
			name = LaunchScreen.storyboard;
			sourceTree = "<group>";
		};
/* End PBXVariantGroup section */

/* Begin XCBuildConfiguration section */
		75CCDBED1C33E81200919B7C /* Debug */ = {
			isa = XCBuildConfiguration;
			buildSettings = {
				ALWAYS_SEARCH_USER_PATHS = NO;
				CLANG_CXX_LANGUAGE_STANDARD = "gnu++0x";
				CLANG_CXX_LIBRARY = "libc++";
				CLANG_ENABLE_MODULES = YES;
				CLANG_ENABLE_OBJC_ARC = YES;
				CLANG_WARN_BOOL_CONVERSION = YES;
				CLANG_WARN_CONSTANT_CONVERSION = YES;
				CLANG_WARN_DIRECT_OBJC_ISA_USAGE = YES_ERROR;
				CLANG_WARN_EMPTY_BODY = YES;
				CLANG_WARN_ENUM_CONVERSION = YES;
				CLANG_WARN_INT_CONVERSION = YES;
				CLANG_WARN_OBJC_ROOT_CLASS = YES_ERROR;
				CLANG_WARN_UNREACHABLE_CODE = YES;
				CLANG_WARN__DUPLICATE_METHOD_MATCH = YES;
				"CODE_SIGN_IDENTITY[sdk=iphoneos*]" = "iPhone Developer";
				COPY_PHASE_STRIP = NO;
				DEBUG_INFORMATION_FORMAT = dwarf;
				ENABLE_STRICT_OBJC_MSGSEND = YES;
				ENABLE_TESTABILITY = YES;
				GCC_C_LANGUAGE_STANDARD = gnu99;
				GCC_DYNAMIC_NO_PIC = NO;
				GCC_NO_COMMON_BLOCKS = YES;
				GCC_OPTIMIZATION_LEVEL = 0;
				GCC_PREPROCESSOR_DEFINITIONS = (
					"DEBUG=1",
					"$(inherited)",
				);
				GCC_WARN_64_TO_32_BIT_CONVERSION = YES;
				GCC_WARN_ABOUT_RETURN_TYPE = YES_ERROR;
				GCC_WARN_UNDECLARED_SELECTOR = YES;
				GCC_WARN_UNINITIALIZED_AUTOS = YES_AGGRESSIVE;
				GCC_WARN_UNUSED_FUNCTION = YES;
				GCC_WARN_UNUSED_VARIABLE = YES;
				IPHONEOS_DEPLOYMENT_TARGET = 9.2;
				MTL_ENABLE_DEBUG_INFO = YES;
				ONLY_ACTIVE_ARCH = YES;
				SDKROOT = iphoneos;
				SWIFT_OPTIMIZATION_LEVEL = "-Onone";
			};
			name = Debug;
		};
		75CCDBEE1C33E81200919B7C /* Release */ = {
			isa = XCBuildConfiguration;
			buildSettings = {
				ALWAYS_SEARCH_USER_PATHS = NO;
				CLANG_CXX_LANGUAGE_STANDARD = "gnu++0x";
				CLANG_CXX_LIBRARY = "libc++";
				CLANG_ENABLE_MODULES = YES;
				CLANG_ENABLE_OBJC_ARC = YES;
				CLANG_WARN_BOOL_CONVERSION = YES;
				CLANG_WARN_CONSTANT_CONVERSION = YES;
				CLANG_WARN_DIRECT_OBJC_ISA_USAGE = YES_ERROR;
				CLANG_WARN_EMPTY_BODY = YES;
				CLANG_WARN_ENUM_CONVERSION = YES;
				CLANG_WARN_INT_CONVERSION = YES;
				CLANG_WARN_OBJC_ROOT_CLASS = YES_ERROR;
				CLANG_WARN_UNREACHABLE_CODE = YES;
				CLANG_WARN__DUPLICATE_METHOD_MATCH = YES;
				"CODE_SIGN_IDENTITY[sdk=iphoneos*]" = "iPhone Developer";
				COPY_PHASE_STRIP = NO;
				DEBUG_INFORMATION_FORMAT = "dwarf-with-dsym";
				ENABLE_NS_ASSERTIONS = NO;
				ENABLE_STRICT_OBJC_MSGSEND = YES;
				GCC_C_LANGUAGE_STANDARD = gnu99;
				GCC_NO_COMMON_BLOCKS = YES;
				GCC_WARN_64_TO_32_BIT_CONVERSION = YES;
				GCC_WARN_ABOUT_RETURN_TYPE = YES_ERROR;
				GCC_WARN_UNDECLARED_SELECTOR = YES;
				GCC_WARN_UNINITIALIZED_AUTOS = YES_AGGRESSIVE;
				GCC_WARN_UNUSED_FUNCTION = YES;
				GCC_WARN_UNUSED_VARIABLE = YES;
				IPHONEOS_DEPLOYMENT_TARGET = 9.2;
				MTL_ENABLE_DEBUG_INFO = NO;
				SDKROOT = iphoneos;
				VALIDATE_PRODUCT = YES;
			};
			name = Release;
		};
		75CCDBF01C33E81200919B7C /* Debug */ = {
			isa = XCBuildConfiguration;
			buildSettings = {
				ASSETCATALOG_COMPILER_APPICON_NAME = AppIcon;
				CLANG_ENABLE_MODULES = YES;
				FRAMEWORK_SEARCH_PATHS = (
					/Users/ivanmagda/Documents/FacebookSDK,
					"$(PROJECT_DIR)/Tinder",
				);
				INFOPLIST_FILE = Tinder/Info.plist;
				LD_RUNPATH_SEARCH_PATHS = "$(inherited) @executable_path/Frameworks";
				PRODUCT_BUNDLE_IDENTIFIER = com.vanyaland.Tinder;
				PRODUCT_NAME = "$(TARGET_NAME)";
				SWIFT_OBJC_BRIDGING_HEADER = "Tinder/Tinder-Bridging-Header.h";
				SWIFT_OPTIMIZATION_LEVEL = "-Onone";
			};
			name = Debug;
		};
		75CCDBF11C33E81200919B7C /* Release */ = {
			isa = XCBuildConfiguration;
			buildSettings = {
				ASSETCATALOG_COMPILER_APPICON_NAME = AppIcon;
				CLANG_ENABLE_MODULES = YES;
				FRAMEWORK_SEARCH_PATHS = (
					/Users/ivanmagda/Documents/FacebookSDK,
					"$(PROJECT_DIR)/Tinder",
				);
				INFOPLIST_FILE = Tinder/Info.plist;
				LD_RUNPATH_SEARCH_PATHS = "$(inherited) @executable_path/Frameworks";
				PRODUCT_BUNDLE_IDENTIFIER = com.vanyaland.Tinder;
				PRODUCT_NAME = "$(TARGET_NAME)";
				SWIFT_OBJC_BRIDGING_HEADER = "Tinder/Tinder-Bridging-Header.h";
			};
			name = Release;
		};
/* End XCBuildConfiguration section */

/* Begin XCConfigurationList section */
		75CCDBD81C33E81200919B7C /* Build configuration list for PBXProject "Tinder" */ = {
			isa = XCConfigurationList;
			buildConfigurations = (
				75CCDBED1C33E81200919B7C /* Debug */,
				75CCDBEE1C33E81200919B7C /* Release */,
			);
			defaultConfigurationIsVisible = 0;
			defaultConfigurationName = Release;
		};
		75CCDBEF1C33E81200919B7C /* Build configuration list for PBXNativeTarget "Tinder" */ = {
			isa = XCConfigurationList;
			buildConfigurations = (
				75CCDBF01C33E81200919B7C /* Debug */,
				75CCDBF11C33E81200919B7C /* Release */,
			);
			defaultConfigurationIsVisible = 0;
			defaultConfigurationName = Release;
		};
/* End XCConfigurationList section */
	};
	rootObject = 75CCDBD51C33E81200919B7C /* Project object */;
}
